
Microsoft Visual Studio Solution File, Format Version 12.00
# Visual Studio 15
VisualStudioVersion = 15.0.27703.2026
MinimumVisualStudioVersion = 10.0.40219.1
Project("{9A19103F-16F7-4668-BE54-9A1E7A4F7556}") = "YouTubeManager", "YouTubeManager\YouTubeManager.csproj", "{93E7BACA-ECC2-4CAE-8D96-B28F40D3F63A}"
EndProject
Project("{9A19103F-16F7-4668-BE54-9A1E7A4F7556}") = "Demo", "Demo\Demo.csproj", "{EA4F628A-1B45-4D6F-8080-287B3F3F9561}"
EndProject
Project("{FAE04EC0-301F-11D3-BF4B-00C04F79EFBC}") = "DemoWpf", "DemoWpf\DemoWpf.csproj", "{21BF2495-56D7-414E-A57C-E5F6227C3FAF}"
EndProject
Global
	GlobalSection(SolutionConfigurationPlatforms) = preSolution
		Debug|Any CPU = Debug|Any CPU
		Release|Any CPU = Release|Any CPU
	EndGlobalSection
	GlobalSection(ProjectConfigurationPlatforms) = postSolution
		{93E7BACA-ECC2-4CAE-8D96-B28F40D3F63A}.Debug|Any CPU.ActiveCfg = Debug|Any CPU
		{93E7BACA-ECC2-4CAE-8D96-B28F40D3F63A}.Debug|Any CPU.Build.0 = Debug|Any CPU
		{93E7BACA-ECC2-4CAE-8D96-B28F40D3F63A}.Release|Any CPU.ActiveCfg = Release|Any CPU
		{93E7BACA-ECC2-4CAE-8D96-B28F40D3F63A}.Release|Any CPU.Build.0 = Release|Any CPU
		{EA4F628A-1B45-4D6F-8080-287B3F3F9561}.Debug|Any CPU.ActiveCfg = Debug|Any CPU
		{EA4F628A-1B45-4D6F-8080-287B3F3F9561}.Debug|Any CPU.Build.0 = Debug|Any CPU
		{EA4F628A-1B45-4D6F-8080-287B3F3F9561}.Release|Any CPU.ActiveCfg = Release|Any CPU
		{EA4F628A-1B45-4D6F-8080-287B3F3F9561}.Release|Any CPU.Build.0 = Release|Any CPU
		{21BF2495-56D7-414E-A57C-E5F6227C3FAF}.Debug|Any CPU.ActiveCfg = Debug|Any CPU
		{21BF2495-56D7-414E-A57C-E5F6227C3FAF}.Debug|Any CPU.Build.0 = Debug|Any CPU
		{21BF2495-56D7-414E-A57C-E5F6227C3FAF}.Release|Any CPU.ActiveCfg = Release|Any CPU
		{21BF2495-56D7-414E-A57C-E5F6227C3FAF}.Release|Any CPU.Build.0 = Release|Any CPU
	EndGlobalSection
	GlobalSection(SolutionProperties) = preSolution
		HideSolutionNode = FALSE
	EndGlobalSection
	GlobalSection(ExtensibilityGlobals) = postSolution
		SolutionGuid = {4505740D-4B62-451F-B7FE-9BE329D154FA}
	EndGlobalSection
EndGlobal
